
Microsoft Visual Studio Solution File, Format Version 12.00
# Visual Studio Version 17
VisualStudioVersion = 17.10.35013.160
MinimumVisualStudioVersion = 10.0.40219.1
Project("{FAE04EC0-301F-11D3-BF4B-00C04F79EFBC}") = "LittleBakery.API", "LittleBakery.API\LittleBakery.API.csproj", "{D187D5B3-9E05-4580-849A-1BC22B48E710}"
EndProject
Global
	GlobalSection(SolutionConfigurationPlatforms) = preSolution
		Debug|Any CPU = Debug|Any CPU
		Release|Any CPU = Release|Any CPU
	EndGlobalSection
	GlobalSection(ProjectConfigurationPlatforms) = postSolution
		{D187D5B3-9E05-4580-849A-1BC22B48E710}.Debug|Any CPU.ActiveCfg = Debug|Any CPU
		{D187D5B3-9E05-4580-849A-1BC22B48E710}.Debug|Any CPU.Build.0 = Debug|Any CPU
		{D187D5B3-9E05-4580-849A-1BC22B48E710}.Release|Any CPU.ActiveCfg = Release|Any CPU
		{D187D5B3-9E05-4580-849A-1BC22B48E710}.Release|Any CPU.Build.0 = Release|Any CPU
	EndGlobalSection
	GlobalSection(SolutionProperties) = preSolution
		HideSolutionNode = FALSE
	EndGlobalSection
	GlobalSection(ExtensibilityGlobals) = postSolution
		SolutionGuid = {E5C06115-F64F-413B-9683-2100872AE00C}
	EndGlobalSection
EndGlobal
